
Microsoft Visual Studio Solution File, Format Version 12.00
# Visual Studio Version 16
VisualStudioVersion = 16.0.31702.278
MinimumVisualStudioVersion = 10.0.40219.1
Project("{FAE04EC0-301F-11D3-BF4B-00C04F79EFBC}") = "Lab1MVC", "Lab1MVC\Lab1MVC.csproj", "{486EEFA7-CC0D-408F-B39E-8CA9B72E5A47}"
EndProject
Global
	GlobalSection(SolutionConfigurationPlatforms) = preSolution
		Debug|Any CPU = Debug|Any CPU
		Release|Any CPU = Release|Any CPU
	EndGlobalSection
	GlobalSection(ProjectConfigurationPlatforms) = postSolution
		{486EEFA7-CC0D-408F-B39E-8CA9B72E5A47}.Debug|Any CPU.ActiveCfg = Debug|Any CPU
		{486EEFA7-CC0D-408F-B39E-8CA9B72E5A47}.Debug|Any CPU.Build.0 = Debug|Any CPU
		{486EEFA7-CC0D-408F-B39E-8CA9B72E5A47}.Release|Any CPU.ActiveCfg = Release|Any CPU
		{486EEFA7-CC0D-408F-B39E-8CA9B72E5A47}.Release|Any CPU.Build.0 = Release|Any CPU
	EndGlobalSection
	GlobalSection(SolutionProperties) = preSolution
		HideSolutionNode = FALSE
	EndGlobalSection
	GlobalSection(ExtensibilityGlobals) = postSolution
		SolutionGuid = {CE613832-87AF-4A7E-9634-D23DBD1894F3}
	EndGlobalSection
EndGlobal
